lockfileVersion: '9.0'

settings:
  autoInstallPeers: true
  excludeLinksFromLockfile: false

importers:

  .:
    dependencies:
      '@azure/storage-blob':
        specifier: ^12.24.0
        version: 12.24.0
    devDependencies:
      '@types/node':
        specifier: ^22.5.5
        version: 22.5.5
      typescript:
        specifier: ^5.6.2
        version: 5.6.2

packages:

  '@azure/abort-controller@1.1.0':
    resolution: {integrity: sha512-TrRLIoSQVzfAJX9H1JeFjzAoDGcoK1IYX1UImfceTZpsyYfWr09Ss1aHW1y5TrrR3iq6RZLBwJ3E24uwPhwahw==}
    engines: {node: '>=12.0.0'}

  '@azure/abort-controller@2.1.2':
    resolution: {integrity: sha512-nBrLsEWm4J2u5LpAPjxADTlq3trDgVZZXHNKabeXZtpq3d3AbN/KGO82R87rdDz5/lYB024rtEf10/q0urNgsA==}
    engines: {node: '>=18.0.0'}

  '@azure/core-auth@1.8.0':
    resolution: {integrity: sha512-YvFMowkXzLbXNM11yZtVLhUCmuG0ex7JKOH366ipjmHBhL3vpDcPAeWF+jf0X+jVXwFqo3UhsWUq4kH0ZPdu/g==}
    engines: {node: '>=18.0.0'}

  '@azure/core-client@1.9.2':
    resolution: {integrity: sha512-kRdry/rav3fUKHl/aDLd/pDLcB+4pOFwPPTVEExuMyaI5r+JBbMWqRbCY1pn5BniDaU3lRxO9eaQ1AmSMehl/w==}
    engines: {node: '>=18.0.0'}

  '@azure/core-http-compat@2.1.2':
    resolution: {integrity: sha512-5MnV1yqzZwgNLLjlizsU3QqOeQChkIXw781Fwh1xdAqJR5AA32IUaq6xv1BICJvfbHoa+JYcaij2HFkhLbNTJQ==}
    engines: {node: '>=18.0.0'}

  '@azure/core-lro@2.7.2':
    resolution: {integrity: sha512-0YIpccoX8m/k00O7mDDMdJpbr6mf1yWo2dfmxt5A8XVZVVMz2SSKaEbMCeJRvgQ0IaSlqhjT47p4hVIRRy90xw==}
    engines: {node: '>=18.0.0'}

  '@azure/core-paging@1.6.2':
    resolution: {integrity: sha512-YKWi9YuCU04B55h25cnOYZHxXYtEvQEbKST5vqRga7hWY9ydd3FZHdeQF8pyh+acWZvppw13M/LMGx0LABUVMA==}
    engines: {node: '>=18.0.0'}

  '@azure/core-rest-pipeline@1.17.0':
    resolution: {integrity: sha512-62Vv8nC+uPId3j86XJ0WI+sBf0jlqTqPUFCBNrGtlaUeQUIXWV/D8GE5A1d+Qx8H7OQojn2WguC8kChD6v0shA==}
    engines: {node: '>=18.0.0'}

  '@azure/core-tracing@1.1.2':
    resolution: {integrity: sha512-dawW9ifvWAWmUm9/h+/UQ2jrdvjCJ7VJEuCJ6XVNudzcOwm53BFZH4Q845vjfgoUAM8ZxokvVNxNxAITc502YA==}
    engines: {node: '>=18.0.0'}

  '@azure/core-util@1.10.0':
    resolution: {integrity: sha512-dqLWQsh9Nro1YQU+405POVtXnwrIVqPyfUzc4zXCbThTg7+vNNaiMkwbX9AMXKyoFYFClxmB3s25ZFr3+jZkww==}
    engines: {node: '>=18.0.0'}

  '@azure/core-xml@1.4.3':
    resolution: {integrity: sha512-D6G7FEmDiTctPKuWegX2WTrS1enKZwqYwdKTO6ZN6JMigcCehlT0/CYl+zWpI9vQ9frwwp7GQT3/owaEXgnOsA==}
    engines: {node: '>=18.0.0'}

  '@azure/logger@1.1.4':
    resolution: {integrity: sha512-4IXXzcCdLdlXuCG+8UKEwLA1T1NHqUfanhXYHiQTn+6sfWCZXduqbtXDGceg3Ce5QxTGo7EqmbV6Bi+aqKuClQ==}
    engines: {node: '>=18.0.0'}

  '@azure/storage-blob@12.24.0':
    resolution: {integrity: sha512-l8cmWM4C7RoNCBOImoFMxhTXe1Lr+8uQ/IgnhRNMpfoA9bAFWoLG4XrWm6O5rKXortreVQuD+fc1hbzWklOZbw==}
    engines: {node: '>=18.0.0'}

  '@types/node@22.5.5':
    resolution: {integrity: sha512-Xjs4y5UPO/CLdzpgR6GirZJx36yScjh73+2NlLlkFRSoQN8B0DpfXPdZGnvVmLRLOsqDpOfTNv7D9trgGhmOIA==}

  agent-base@7.1.1:
    resolution: {integrity: sha512-H0TSyFNDMomMNJQBn8wFV5YC/2eJ+VXECwOadZJT554xP6cODZHPX3H9QMQECxvrgiSOP1pHjy1sMWQVYJOUOA==}
    engines: {node: '>= 14'}

  debug@4.3.7:
    resolution: {integrity: sha512-Er2nc/H7RrMXZBFCEim6TCmMk02Z8vLC2Rbi1KEBggpo0fS6l0S1nnapwmIi3yW/+GOJap1Krg4w0Hg80oCqgQ==}
    engines: {node: '>=6.0'}
    peerDependencies:
      supports-color: '*'
    peerDependenciesMeta:
      supports-color:
        optional: true

  events@3.3.0:
    resolution: {integrity: sha512-mQw+2fkQbALzQ7V0MY0IqdnXNOeTtP4r0lN9z7AAawCXgqea7bDii20AYrIBrFd/Hx0M2Ocz6S111CaFkUcb0Q==}
    engines: {node: '>=0.8.x'}

  fast-xml-parser@4.5.0:
    resolution: {integrity: sha512-/PlTQCI96+fZMAOLMZK4CWG1ItCbfZ/0jx7UIJFChPNrx7tcEgerUgWbeieCM9MfHInUDyK8DWYZ+YrywDJuTg==}
    hasBin: true

  http-proxy-agent@7.0.2:
    resolution: {integrity: sha512-T1gkAiYYDWYx3V5Bmyu7HcfcvL7mUrTWiM6yOfa3PIphViJ/gFPbvidQ+veqSOHci/PxBcDabeUNCzpOODJZig==}
    engines: {node: '>= 14'}

  https-proxy-agent@7.0.5:
    resolution: {integrity: sha512-1e4Wqeblerz+tMKPIq2EMGiiWW1dIjZOksyHWSUm1rmuvw/how9hBHZ38lAGj5ID4Ik6EdkOw7NmWPy6LAwalw==}
    engines: {node: '>= 14'}

  ms@2.1.3:
    resolution: {integrity: sha512-6FlzubTLZG3J2a/NVCAleEhjzq5oxgHyaCU9yYXvcLsvoVaHJq/s5xXI6/XXP6tz7R9xAOtHnSO/tXtF3WRTlA==}

  strnum@1.0.5:
    resolution: {integrity: sha512-J8bbNyKKXl5qYcR36TIO8W3mVGVHrmmxsd5PAItGkmyzwJvybiw2IVq5nqd0i4LSNSkB/sx9VHllbfFdr9k1JA==}

  tslib@2.7.0:
    resolution: {integrity: sha512-gLXCKdN1/j47AiHiOkJN69hJmcbGTHI0ImLmbYLHykhgeN0jVGola9yVjFgzCUklsZQMW55o+dW7IXv3RCXDzA==}

  typescript@5.6.2:
    resolution: {integrity: sha512-NW8ByodCSNCwZeghjN3o+JX5OFH0Ojg6sadjEKY4huZ52TqbJTJnDo5+Tw98lSy63NZvi4n+ez5m2u5d4PkZyw==}
    engines: {node: '>=14.17'}
    hasBin: true

  undici-types@6.19.8:
    resolution: {integrity: sha512-ve2KP6f/JnbPBFyobGHuerC9g1FYGn/F8n1LWTwNxCEzd6IfqTwUQcNXgEtmmQ6DlRrC1hrSrBnCZPokRrDHjw==}

snapshots:

  '@azure/abort-controller@1.1.0':
    dependencies:
      tslib: 2.7.0

  '@azure/abort-controller@2.1.2':
    dependencies:
      tslib: 2.7.0

  '@azure/core-auth@1.8.0':
    dependencies:
      '@azure/abort-controller': 2.1.2
      '@azure/core-util': 1.10.0
      tslib: 2.7.0

  '@azure/core-client@1.9.2':
    dependencies:
      '@azure/abort-controller': 2.1.2
      '@azure/core-auth': 1.8.0
      '@azure/core-rest-pipeline': 1.17.0
      '@azure/core-tracing': 1.1.2
      '@azure/core-util': 1.10.0
      '@azure/logger': 1.1.4
      tslib: 2.7.0
    transitivePeerDependencies:
      - supports-color

  '@azure/core-http-compat@2.1.2':
    dependencies:
      '@azure/abort-controller': 2.1.2
      '@azure/core-client': 1.9.2
      '@azure/core-rest-pipeline': 1.17.0
    transitivePeerDependencies:
      - supports-color

  '@azure/core-lro@2.7.2':
    dependencies:
      '@azure/abort-controller': 2.1.2
      '@azure/core-util': 1.10.0
      '@azure/logger': 1.1.4
      tslib: 2.7.0

  '@azure/core-paging@1.6.2':
    dependencies:
      tslib: 2.7.0

  '@azure/core-rest-pipeline@1.17.0':
    dependencies:
      '@azure/abort-controller': 2.1.2
      '@azure/core-auth': 1.8.0
      '@azure/core-tracing': 1.1.2
      '@azure/core-util': 1.10.0
      '@azure/logger': 1.1.4
      http-proxy-agent: 7.0.2
      https-proxy-agent: 7.0.5
      tslib: 2.7.0
    transitivePeerDependencies:
      - supports-color

  '@azure/core-tracing@1.1.2':
    dependencies:
      tslib: 2.7.0

  '@azure/core-util@1.10.0':
    dependencies:
      '@azure/abort-controller': 2.1.2
      tslib: 2.7.0

  '@azure/core-xml@1.4.3':
    dependencies:
      fast-xml-parser: 4.5.0
      tslib: 2.7.0

  '@azure/logger@1.1.4':
    dependencies:
      tslib: 2.7.0

  '@azure/storage-blob@12.24.0':
    dependencies:
      '@azure/abort-controller': 1.1.0
      '@azure/core-auth': 1.8.0
      '@azure/core-client': 1.9.2
      '@azure/core-http-compat': 2.1.2
      '@azure/core-lro': 2.7.2
      '@azure/core-paging': 1.6.2
      '@azure/core-rest-pipeline': 1.17.0
      '@azure/core-tracing': 1.1.2
      '@azure/core-util': 1.10.0
      '@azure/core-xml': 1.4.3
      '@azure/logger': 1.1.4
      events: 3.3.0
      tslib: 2.7.0
    transitivePeerDependencies:
      - supports-color

  '@types/node@22.5.5':
    dependencies:
      undici-types: 6.19.8

  agent-base@7.1.1:
    dependencies:
      debug: 4.3.7
    transitivePeerDependencies:
      - supports-color

  debug@4.3.7:
    dependencies:
      ms: 2.1.3

  events@3.3.0: {}

  fast-xml-parser@4.5.0:
    dependencies:
      strnum: 1.0.5

  http-proxy-agent@7.0.2:
    dependencies:
      agent-base: 7.1.1
      debug: 4.3.7
    transitivePeerDependencies:
      - supports-color

  https-proxy-agent@7.0.5:
    dependencies:
      agent-base: 7.1.1
      debug: 4.3.7
    transitivePeerDependencies:
      - supports-color

  ms@2.1.3: {}

  strnum@1.0.5: {}

  tslib@2.7.0: {}

  typescript@5.6.2: {}

  undici-types@6.19.8: {}
